
Microsoft Visual Studio Solution File, Format Version 12.00
# Visual Studio Version 16
VisualStudioVersion = 16.0.30011.22
MinimumVisualStudioVersion = 10.0.40219.1
Project("{FAE04EC0-301F-11D3-BF4B-00C04F79EFBC}") = "GB-02-08", "GB-02-08\GB-02-08.csproj", "{4FD5B62B-9DC9-4ACA-9876-303AA0B54665}"
EndProject
Global
	GlobalSection(SolutionConfigurationPlatforms) = preSolution
		Debug|Any CPU = Debug|Any CPU
		Release|Any CPU = Release|Any CPU
	EndGlobalSection
	GlobalSection(ProjectConfigurationPlatforms) = postSolution
		{4FD5B62B-9DC9-4ACA-9876-303AA0B54665}.Debug|Any CPU.ActiveCfg = Debug|Any CPU
		{4FD5B62B-9DC9-4ACA-9876-303AA0B54665}.Debug|Any CPU.Build.0 = Debug|Any CPU
		{4FD5B62B-9DC9-4ACA-9876-303AA0B54665}.Release|Any CPU.ActiveCfg = Release|Any CPU
		{4FD5B62B-9DC9-4ACA-9876-303AA0B54665}.Release|Any CPU.Build.0 = Release|Any CPU
	EndGlobalSection
	GlobalSection(SolutionProperties) = preSolution
		HideSolutionNode = FALSE
	EndGlobalSection
	GlobalSection(ExtensibilityGlobals) = postSolution
		SolutionGuid = {A92F98ED-9A10-4074-8BEF-85D312AC33B6}
	EndGlobalSection
EndGlobal
